
Microsoft Visual Studio Solution File, Format Version 12.00
# Visual Studio Version 16
VisualStudioVersion = 16.0.30114.105
MinimumVisualStudioVersion = 10.0.40219.1
Project("{FAE04EC0-301F-11D3-BF4B-00C04F79EFBC}") = "warehouse", "warehouse.csproj", "{D76501F8-2C05-41F7-8D8D-E5E76D83BBFC}"
EndProject
Project("{FAE04EC0-301F-11D3-BF4B-00C04F79EFBC}") = "Testing", "..\Testing\Testing.csproj", "{23BFCA1F-C70D-4E61-85A2-ACE65A6DF104}"
EndProject
Global
	GlobalSection(SolutionConfigurationPlatforms) = preSolution
		Debug|Any CPU = Debug|Any CPU
		Release|Any CPU = Release|Any CPU
	EndGlobalSection
	GlobalSection(ProjectConfigurationPlatforms) = postSolution
		{D76501F8-2C05-41F7-8D8D-E5E76D83BBFC}.Debug|Any CPU.ActiveCfg = Debug|Any CPU
		{D76501F8-2C05-41F7-8D8D-E5E76D83BBFC}.Debug|Any CPU.Build.0 = Debug|Any CPU
		{D76501F8-2C05-41F7-8D8D-E5E76D83BBFC}.Release|Any CPU.ActiveCfg = Release|Any CPU
		{D76501F8-2C05-41F7-8D8D-E5E76D83BBFC}.Release|Any CPU.Build.0 = Release|Any CPU
		{23BFCA1F-C70D-4E61-85A2-ACE65A6DF104}.Debug|Any CPU.ActiveCfg = Debug|Any CPU
		{23BFCA1F-C70D-4E61-85A2-ACE65A6DF104}.Debug|Any CPU.Build.0 = Debug|Any CPU
		{23BFCA1F-C70D-4E61-85A2-ACE65A6DF104}.Release|Any CPU.ActiveCfg = Release|Any CPU
		{23BFCA1F-C70D-4E61-85A2-ACE65A6DF104}.Release|Any CPU.Build.0 = Release|Any CPU
	EndGlobalSection
	GlobalSection(SolutionProperties) = preSolution
		HideSolutionNode = FALSE
	EndGlobalSection
	GlobalSection(ExtensibilityGlobals) = postSolution
		SolutionGuid = {6E547FE8-A6B2-4392-A7C2-FC79B1BEF646}
	EndGlobalSection
EndGlobal
